
Microsoft Visual Studio Solution File, Format Version 12.00
# Visual Studio Version 17
VisualStudioVersion = 17.10.34916.146
MinimumVisualStudioVersion = 10.0.40219.1
Project("{FAE04EC0-301F-11D3-BF4B-00C04F79EFBC}") = "Bakery", "Bakery.csproj", "{D0D39FDB-B891-490D-A3CF-F1F8BDB1FB74}"
EndProject
Global
	GlobalSection(SolutionConfigurationPlatforms) = preSolution
		Debug|Any CPU = Debug|Any CPU
		Release|Any CPU = Release|Any CPU
	EndGlobalSection
	GlobalSection(ProjectConfigurationPlatforms) = postSolution
		{D0D39FDB-B891-490D-A3CF-F1F8BDB1FB74}.Debug|Any CPU.ActiveCfg = Debug|Any CPU
		{D0D39FDB-B891-490D-A3CF-F1F8BDB1FB74}.Debug|Any CPU.Build.0 = Debug|Any CPU
		{D0D39FDB-B891-490D-A3CF-F1F8BDB1FB74}.Release|Any CPU.ActiveCfg = Release|Any CPU
		{D0D39FDB-B891-490D-A3CF-F1F8BDB1FB74}.Release|Any CPU.Build.0 = Release|Any CPU
	EndGlobalSection
	GlobalSection(SolutionProperties) = preSolution
		HideSolutionNode = FALSE
	EndGlobalSection
	GlobalSection(ExtensibilityGlobals) = postSolution
		SolutionGuid = {BB0909C7-6C02-4482-95D1-155C635FA050}
	EndGlobalSection
EndGlobal
